
Microsoft Visual Studio Solution File, Format Version 12.00
# Visual Studio Version 17
VisualStudioVersion = 17.14.36518.9 d17.14
MinimumVisualStudioVersion = 10.0.40219.1
Project("{FAE04EC0-301F-11D3-BF4B-00C04F79EFBC}") = "QLCHgiay", "QLCHgiay.csproj", "{09C91492-DFEE-4750-8AA1-A0E4588FB6DD}"
EndProject
Global
	GlobalSection(SolutionConfigurationPlatforms) = preSolution
		Debug|Any CPU = Debug|Any CPU
		Release|Any CPU = Release|Any CPU
	EndGlobalSection
	GlobalSection(ProjectConfigurationPlatforms) = postSolution
		{09C91492-DFEE-4750-8AA1-A0E4588FB6DD}.Debug|Any CPU.ActiveCfg = Debug|Any CPU
		{09C91492-DFEE-4750-8AA1-A0E4588FB6DD}.Debug|Any CPU.Build.0 = Debug|Any CPU
		{09C91492-DFEE-4750-8AA1-A0E4588FB6DD}.Release|Any CPU.ActiveCfg = Release|Any CPU
		{09C91492-DFEE-4750-8AA1-A0E4588FB6DD}.Release|Any CPU.Build.0 = Release|Any CPU
	EndGlobalSection
	GlobalSection(SolutionProperties) = preSolution
		HideSolutionNode = FALSE
	EndGlobalSection
	GlobalSection(ExtensibilityGlobals) = postSolution
		SolutionGuid = {9CEC092D-E7C9-4AC3-A84B-7B8116909B0D}
	EndGlobalSection
EndGlobal
